// !$*UTF8*$!
{
	archiveVersion = 1;
	classes = {
	};
	objectVersion = 51;
	objects = {

/* Begin PBXBuildFile section */
		1D87132C24F783B0006B4139 /* UIColor+Extension.swift in Sources */ = {isa = PBXBuildFile; fileRef = 1D87132B24F783B0006B4139 /* UIColor+Extension.swift */; };
		1D87132E24F78CD3006B4139 /* HomeViewController.swift in Sources */ = {isa = PBXBuildFile; fileRef = 1D87132D24F78CD3006B4139 /* HomeViewController.swift */; };
		1D87133024F78CF6006B4139 /* FavoriteViewController.swift in Sources */ = {isa = PBXBuildFile; fileRef = 1D87132F24F78CF6006B4139 /* FavoriteViewController.swift */; };
		1D87133224F78D20006B4139 /* MusicCell.swift in Sources */ = {isa = PBXBuildFile; fileRef = 1D87133124F78D20006B4139 /* MusicCell.swift */; };
		1D87133424F78F2B006B4139 /* BaseViewController.swift in Sources */ = {isa = PBXBuildFile; fileRef = 1D87133324F78F2B006B4139 /* BaseViewController.swift */; };
		1D87133724F797F8006B4139 /* Container.swift in Sources */ = {isa = PBXBuildFile; fileRef = 1D87133624F797F8006B4139 /* Container.swift */; };
		1D87133924F79979006B4139 /* HomeViewReactor.swift in Sources */ = {isa = PBXBuildFile; fileRef = 1D87133824F79979006B4139 /* HomeViewReactor.swift */; };
		1D87133D24F8EBFF006B4139 /* Observable+Extension.swift in Sources */ = {isa = PBXBuildFile; fileRef = 1D87133C24F8EBFF006B4139 /* Observable+Extension.swift */; };
		1DB2238024EF9FE3009D4C33 /* AppDelegate.swift in Sources */ = {isa = PBXBuildFile; fileRef = 1DB2237F24EF9FE3009D4C33 /* AppDelegate.swift */; };
		1DB2238224EF9FE3009D4C33 /* SceneDelegate.swift in Sources */ = {isa = PBXBuildFile; fileRef = 1DB2238124EF9FE3009D4C33 /* SceneDelegate.swift */; };
		1DB2238724EF9FE3009D4C33 /* Main.storyboard in Resources */ = {isa = PBXBuildFile; fileRef = 1DB2238524EF9FE3009D4C33 /* Main.storyboard */; };
		1DB2238A24EF9FE3009D4C33 /* CleanArchitecture.xcdatamodeld in Sources */ = {isa = PBXBuildFile; fileRef = 1DB2238824EF9FE3009D4C33 /* CleanArchitecture.xcdatamodeld */; };
		1DB2238C24EF9FE5009D4C33 /* Assets.xcassets in Resources */ = {isa = PBXBuildFile; fileRef = 1DB2238B24EF9FE5009D4C33 /* Assets.xcassets */; };
		1DB2238F24EF9FE5009D4C33 /* LaunchScreen.storyboard in Resources */ = {isa = PBXBuildFile; fileRef = 1DB2238D24EF9FE5009D4C33 /* LaunchScreen.storyboard */; };
		1DB2239A24EF9FE6009D4C33 /* CleanArchitectureTests.swift in Sources */ = {isa = PBXBuildFile; fileRef = 1DB2239924EF9FE6009D4C33 /* CleanArchitectureTests.swift */; };
		1DB223A524EF9FE6009D4C33 /* CleanArchitectureUITests.swift in Sources */ = {isa = PBXBuildFile; fileRef = 1DB223A424EF9FE6009D4C33 /* CleanArchitectureUITests.swift */; };
		1DB223BC24F0FD4D009D4C33 /* Music.swift in Sources */ = {isa = PBXBuildFile; fileRef = 1DB223BB24F0FD4D009D4C33 /* Music.swift */; };
		1DB223BE24F0FD57009D4C33 /* WebApi.swift in Sources */ = {isa = PBXBuildFile; fileRef = 1DB223BD24F0FD57009D4C33 /* WebApi.swift */; };
		1DB223C024F104CE009D4C33 /* DefaultNetwork.swift in Sources */ = {isa = PBXBuildFile; fileRef = 1DB223BF24F104CE009D4C33 /* DefaultNetwork.swift */; };
		1DB223C224F4E10B009D4C33 /* MusicUseCase.swift in Sources */ = {isa = PBXBuildFile; fileRef = 1DB223C124F4E10B009D4C33 /* MusicUseCase.swift */; };
		1DE9BAD024FBAF5C009832EF /* Dictionary+Extension.swift in Sources */ = {isa = PBXBuildFile; fileRef = 1DE9BACF24FBAF5C009832EF /* Dictionary+Extension.swift */; };
		1DE9BAD224FC95A7009832EF /* FavoriteCell.swift in Sources */ = {isa = PBXBuildFile; fileRef = 1DE9BAD124FC95A7009832EF /* FavoriteCell.swift */; };
		1DE9BAD424FC9A6E009832EF /* FavoriteViewReactor.swift in Sources */ = {isa = PBXBuildFile; fileRef = 1DE9BAD324FC9A6E009832EF /* FavoriteViewReactor.swift */; };
		1DE9BAD624FCA0E1009832EF /* MusicDetailViewController.swift in Sources */ = {isa = PBXBuildFile; fileRef = 1DE9BAD524FCA0E1009832EF /* MusicDetailViewController.swift */; };
		1DE9BAD824FCA1AE009832EF /* MusicDetailViewReactor.swift in Sources */ = {isa = PBXBuildFile; fileRef = 1DE9BAD724FCA1AE009832EF /* MusicDetailViewReactor.swift */; };
		1DE9BADB24FCC2BC009832EF /* CacheRepository.swift in Sources */ = {isa = PBXBuildFile; fileRef = 1DE9BADA24FCC2BC009832EF /* CacheRepository.swift */; };
		6406F03E09E488062E1C922A /* Pods_CleanArchitectureTests.framework in Frameworks */ = {isa = PBXBuildFile; fileRef = EE604BDD9D8DDA686F78C667 /* Pods_CleanArchitectureTests.framework */; };
		AA14A7E395E1BA3487D34580 /* Pods_CleanArchitecture.framework in Frameworks */ = {isa = PBXBuildFile; fileRef = BCF611F620CE37EFA8A42A90 /* Pods_CleanArchitecture.framework */; };
		D2E99ADB1BC8E8536B50786F /* Pods_CleanArchitecture_CleanArchitectureUITests.framework in Frameworks */ = {isa = PBXBuildFile; fileRef = FA5D31B1948F5D6DC1FB00E4 /* Pods_CleanArchitecture_CleanArchitectureUITests.framework */; };
/* End PBXBuildFile section */

/* Begin PBXContainerItemProxy section */
		1DB2239624EF9FE5009D4C33 /* PBXContainerItemProxy */ = {
			isa = PBXContainerItemProxy;
			containerPortal = 1DB2237424EF9FE3009D4C33 /* Project object */;
			proxyType = 1;
			remoteGlobalIDString = 1DB2237B24EF9FE3009D4C33;
			remoteInfo = CleanArchitecture;
		};
		1DB223A124EF9FE6009D4C33 /* PBXContainerItemProxy */ = {
			isa = PBXContainerItemProxy;
			containerPortal = 1DB2237424EF9FE3009D4C33 /* Project object */;
			proxyType = 1;
			remoteGlobalIDString = 1DB2237B24EF9FE3009D4C33;
			remoteInfo = CleanArchitecture;
		};
/* End PBXContainerItemProxy section */

/* Begin PBXFileReference section */
		1D87132B24F783B0006B4139 /* UIColor+Extension.swift */ = {isa = PBXFileReference; lastKnownFileType = sourcecode.swift; path = "UIColor+Extension.swift"; sourceTree = "<group>"; };
		1D87132D24F78CD3006B4139 /* HomeViewController.swift */ = {isa = PBXFileReference; lastKnownFileType = sourcecode.swift; path = HomeViewController.swift; sourceTree = "<group>"; };
		1D87132F24F78CF6006B4139 /* FavoriteViewController.swift */ = {isa = PBXFileReference; lastKnownFileType = sourcecode.swift; path = FavoriteViewController.swift; sourceTree = "<group>"; };
		1D87133124F78D20006B4139 /* MusicCell.swift */ = {isa = PBXFileReference; lastKnownFileType = sourcecode.swift; path = MusicCell.swift; sourceTree = "<group>"; };
		1D87133324F78F2B006B4139 /* BaseViewController.swift */ = {isa = PBXFileReference; lastKnownFileType = sourcecode.swift; path = BaseViewController.swift; sourceTree = "<group>"; };
		1D87133624F797F8006B4139 /* Container.swift */ = {isa = PBXFileReference; lastKnownFileType = sourcecode.swift; path = Container.swift; sourceTree = "<group>"; };
		1D87133824F79979006B4139 /* HomeViewReactor.swift */ = {isa = PBXFileReference; lastKnownFileType = sourcecode.swift; path = HomeViewReactor.swift; sourceTree = "<group>"; };
		1D87133C24F8EBFF006B4139 /* Observable+Extension.swift */ = {isa = PBXFileReference; lastKnownFileType = sourcecode.swift; path = "Observable+Extension.swift"; sourceTree = "<group>"; };
		1DB2237C24EF9FE3009D4C33 /* CleanArchitecture.app */ = {isa = PBXFileReference; explicitFileType = wrapper.application; includeInIndex = 0; path = CleanArchitecture.app; sourceTree = BUILT_PRODUCTS_DIR; };
		1DB2237F24EF9FE3009D4C33 /* AppDelegate.swift */ = {isa = PBXFileReference; lastKnownFileType = sourcecode.swift; path = AppDelegate.swift; sourceTree = "<group>"; };
		1DB2238124EF9FE3009D4C33 /* SceneDelegate.swift */ = {isa = PBXFileReference; lastKnownFileType = sourcecode.swift; path = SceneDelegate.swift; sourceTree = "<group>"; };
		1DB2238624EF9FE3009D4C33 /* Base */ = {isa = PBXFileReference; lastKnownFileType = file.storyboard; name = Base; path = Base.lproj/Main.storyboard; sourceTree = "<group>"; };
		1DB2238924EF9FE3009D4C33 /* CleanArchitecture.xcdatamodel */ = {isa = PBXFileReference; lastKnownFileType = wrapper.xcdatamodel; path = CleanArchitecture.xcdatamodel; sourceTree = "<group>"; };
		1DB2238B24EF9FE5009D4C33 /* Assets.xcassets */ = {isa = PBXFileReference; lastKnownFileType = folder.assetcatalog; path = Assets.xcassets; sourceTree = "<group>"; };
		1DB2238E24EF9FE5009D4C33 /* Base */ = {isa = PBXFileReference; lastKnownFileType = file.storyboard; name = Base; path = Base.lproj/LaunchScreen.storyboard; sourceTree = "<group>"; };
		1DB2239024EF9FE5009D4C33 /* Info.plist */ = {isa = PBXFileReference; lastKnownFileType = text.plist.xml; path = Info.plist; sourceTree = "<group>"; };
		1DB2239524EF9FE5009D4C33 /* CleanArchitectureTests.xctest */ = {isa = PBXFileReference; explicitFileType = wrapper.cfbundle; includeInIndex = 0; path = CleanArchitectureTests.xctest; sourceTree = BUILT_PRODUCTS_DIR; };
		1DB2239924EF9FE6009D4C33 /* CleanArchitectureTests.swift */ = {isa = PBXFileReference; lastKnownFileType = sourcecode.swift; path = CleanArchitectureTests.swift; sourceTree = "<group>"; };
		1DB2239B24EF9FE6009D4C33 /* Info.plist */ = {isa = PBXFileReference; lastKnownFileType = text.plist.xml; path = Info.plist; sourceTree = "<group>"; };
		1DB223A024EF9FE6009D4C33 /* CleanArchitectureUITests.xctest */ = {isa = PBXFileReference; explicitFileType = wrapper.cfbundle; includeInIndex = 0; path = CleanArchitectureUITests.xctest; sourceTree = BUILT_PRODUCTS_DIR; };
		1DB223A424EF9FE6009D4C33 /* CleanArchitectureUITests.swift */ = {isa = PBXFileReference; lastKnownFileType = sourcecode.swift; path = CleanArchitectureUITests.swift; sourceTree = "<group>"; };
		1DB223A624EF9FE6009D4C33 /* Info.plist */ = {isa = PBXFileReference; lastKnownFileType = text.plist.xml; path = Info.plist; sourceTree = "<group>"; };
		1DB223BB24F0FD4D009D4C33 /* Music.swift */ = {isa = PBXFileReference; lastKnownFileType = sourcecode.swift; path = Music.swift; sourceTree = "<group>"; };
		1DB223BD24F0FD57009D4C33 /* WebApi.swift */ = {isa = PBXFileReference; lastKnownFileType = sourcecode.swift; path = WebApi.swift; sourceTree = "<group>"; };
		1DB223BF24F104CE009D4C33 /* DefaultNetwork.swift */ = {isa = PBXFileReference; lastKnownFileType = sourcecode.swift; path = DefaultNetwork.swift; sourceTree = "<group>"; };
		1DB223C124F4E10B009D4C33 /* MusicUseCase.swift */ = {isa = PBXFileReference; lastKnownFileType = sourcecode.swift; path = MusicUseCase.swift; sourceTree = "<group>"; };
		1DE9BACF24FBAF5C009832EF /* Dictionary+Extension.swift */ = {isa = PBXFileReference; lastKnownFileType = sourcecode.swift; path = "Dictionary+Extension.swift"; sourceTree = "<group>"; };
		1DE9BAD124FC95A7009832EF /* FavoriteCell.swift */ = {isa = PBXFileReference; lastKnownFileType = sourcecode.swift; path = FavoriteCell.swift; sourceTree = "<group>"; };
		1DE9BAD324FC9A6E009832EF /* FavoriteViewReactor.swift */ = {isa = PBXFileReference; lastKnownFileType = sourcecode.swift; path = FavoriteViewReactor.swift; sourceTree = "<group>"; };
		1DE9BAD524FCA0E1009832EF /* MusicDetailViewController.swift */ = {isa = PBXFileReference; lastKnownFileType = sourcecode.swift; path = MusicDetailViewController.swift; sourceTree = "<group>"; };
		1DE9BAD724FCA1AE009832EF /* MusicDetailViewReactor.swift */ = {isa = PBXFileReference; lastKnownFileType = sourcecode.swift; path = MusicDetailViewReactor.swift; sourceTree = "<group>"; };
		1DE9BADA24FCC2BC009832EF /* CacheRepository.swift */ = {isa = PBXFileReference; lastKnownFileType = sourcecode.swift; path = CacheRepository.swift; sourceTree = "<group>"; };
		2CC34DC41C76028F092037B8 /* Pods-CleanArchitecture.debug.xcconfig */ = {isa = PBXFileReference; includeInIndex = 1; lastKnownFileType = text.xcconfig; name = "Pods-CleanArchitecture.debug.xcconfig"; path = "Target Support Files/Pods-CleanArchitecture/Pods-CleanArchitecture.debug.xcconfig"; sourceTree = "<group>"; };
		49D66F85E3C9A10F3C67DA71 /* Pods-CleanArchitecture.release.xcconfig */ = {isa = PBXFileReference; includeInIndex = 1; lastKnownFileType = text.xcconfig; name = "Pods-CleanArchitecture.release.xcconfig"; path = "Target Support Files/Pods-CleanArchitecture/Pods-CleanArchitecture.release.xcconfig"; sourceTree = "<group>"; };
		6755125644253787C7619915 /* Pods-CleanArchitecture-CleanArchitectureUITests.release.xcconfig */ = {isa = PBXFileReference; includeInIndex = 1; lastKnownFileType = text.xcconfig; name = "Pods-CleanArchitecture-CleanArchitectureUITests.release.xcconfig"; path = "Target Support Files/Pods-CleanArchitecture-CleanArchitectureUITests/Pods-CleanArchitecture-CleanArchitectureUITests.release.xcconfig"; sourceTree = "<group>"; };
		7320A17686B7B4E216CA8066 /* Pods-CleanArchitectureTests.debug.xcconfig */ = {isa = PBXFileReference; includeInIndex = 1; lastKnownFileType = text.xcconfig; name = "Pods-CleanArchitectureTests.debug.xcconfig"; path = "Target Support Files/Pods-CleanArchitectureTests/Pods-CleanArchitectureTests.debug.xcconfig"; sourceTree = "<group>"; };
		841374571D0E74045AD4E579 /* Pods-CleanArchitectureTests.release.xcconfig */ = {isa = PBXFileReference; includeInIndex = 1; lastKnownFileType = text.xcconfig; name = "Pods-CleanArchitectureTests.release.xcconfig"; path = "Target Support Files/Pods-CleanArchitectureTests/Pods-CleanArchitectureTests.release.xcconfig"; sourceTree = "<group>"; };
		B253403922568867C36C9246 /* Pods-CleanArchitecture-CleanArchitectureUITests.debug.xcconfig */ = {isa = PBXFileReference; includeInIndex = 1; lastKnownFileType = text.xcconfig; name = "Pods-CleanArchitecture-CleanArchitectureUITests.debug.xcconfig"; path = "Target Support Files/Pods-CleanArchitecture-CleanArchitectureUITests/Pods-CleanArchitecture-CleanArchitectureUITests.debug.xcconfig"; sourceTree = "<group>"; };
		BCF611F620CE37EFA8A42A90 /* Pods_CleanArchitecture.framework */ = {isa = PBXFileReference; explicitFileType = wrapper.framework; includeInIndex = 0; path = Pods_CleanArchitecture.framework; sourceTree = BUILT_PRODUCTS_DIR; };
		EE604BDD9D8DDA686F78C667 /* Pods_CleanArchitectureTests.framework */ = {isa = PBXFileReference; explicitFileType = wrapper.framework; includeInIndex = 0; path = Pods_CleanArchitectureTests.framework; sourceTree = BUILT_PRODUCTS_DIR; };
		FA5D31B1948F5D6DC1FB00E4 /* Pods_CleanArchitecture_CleanArchitectureUITests.framework */ = {isa = PBXFileReference; explicitFileType = wrapper.framework; includeInIndex = 0; path = Pods_CleanArchitecture_CleanArchitectureUITests.framework; sourceTree = BUILT_PRODUCTS_DIR; };
/* End PBXFileReference section */

/* Begin PBXFrameworksBuildPhase section */
		1DB2237924EF9FE3009D4C33 /* Frameworks */ = {
			isa = PBXFrameworksBuildPhase;
			buildActionMask = 2147483647;
			files = (
				AA14A7E395E1BA3487D34580 /* Pods_CleanArchitecture.framework in Frameworks */,
			);
			runOnlyForDeploymentPostprocessing = 0;
		};
		1DB2239224EF9FE5009D4C33 /* Frameworks */ = {
			isa = PBXFrameworksBuildPhase;
			buildActionMask = 2147483647;
			files = (
				6406F03E09E488062E1C922A /* Pods_CleanArchitectureTests.framework in Frameworks */,
			);
			runOnlyForDeploymentPostprocessing = 0;
		};
		1DB2239D24EF9FE6009D4C33 /* Frameworks */ = {
			isa = PBXFrameworksBuildPhase;
			buildActionMask = 2147483647;
			files = (
				D2E99ADB1BC8E8536B50786F /* Pods_CleanArchitecture_CleanArchitectureUITests.framework in Frameworks */,
			);
			runOnlyForDeploymentPostprocessing = 0;
		};
/* End PBXFrameworksBuildPhase section */

/* Begin PBXGroup section */
		1D87132A24F783A5006B4139 /* Extension */ = {
			isa = PBXGroup;
			children = (
				1D87132B24F783B0006B4139 /* UIColor+Extension.swift */,
				1D87133C24F8EBFF006B4139 /* Observable+Extension.swift */,
				1DE9BACF24FBAF5C009832EF /* Dictionary+Extension.swift */,
			);
			path = Extension;
			sourceTree = "<group>";
		};
		1D87133524F797F0006B4139 /* Application */ = {
			isa = PBXGroup;
			children = (
				1D87133624F797F8006B4139 /* Container.swift */,
			);
			path = Application;
			sourceTree = "<group>";
		};
		1DB2237324EF9FE3009D4C33 = {
			isa = PBXGroup;
			children = (
				1DB2237E24EF9FE3009D4C33 /* CleanArchitecture */,
				1DB2239824EF9FE6009D4C33 /* CleanArchitectureTests */,
				1DB223A324EF9FE6009D4C33 /* CleanArchitectureUITests */,
				1DB2237D24EF9FE3009D4C33 /* Products */,
				DFD50B6CE7E9D910D3049982 /* Pods */,
				414BD129969B0FCBC9424C5A /* Frameworks */,
			);
			sourceTree = "<group>";
		};
		1DB2237D24EF9FE3009D4C33 /* Products */ = {
			isa = PBXGroup;
			children = (
				1DB2237C24EF9FE3009D4C33 /* CleanArchitecture.app */,
				1DB2239524EF9FE5009D4C33 /* CleanArchitectureTests.xctest */,
				1DB223A024EF9FE6009D4C33 /* CleanArchitectureUITests.xctest */,
			);
			name = Products;
			sourceTree = "<group>";
		};
		1DB2237E24EF9FE3009D4C33 /* CleanArchitecture */ = {
			isa = PBXGroup;
			children = (
				1DB223B224F0FA5D009D4C33 /* Presentation */,
				1DB223B324F0FA6B009D4C33 /* Domain */,
				1DB223B424F0FA71009D4C33 /* Data */,
				1D87132A24F783A5006B4139 /* Extension */,
				1D87133524F797F0006B4139 /* Application */,
				1DB2237F24EF9FE3009D4C33 /* AppDelegate.swift */,
				1DB2238124EF9FE3009D4C33 /* SceneDelegate.swift */,
				1DB2238524EF9FE3009D4C33 /* Main.storyboard */,
				1DB2238B24EF9FE5009D4C33 /* Assets.xcassets */,
				1DB2238D24EF9FE5009D4C33 /* LaunchScreen.storyboard */,
				1DB2239024EF9FE5009D4C33 /* Info.plist */,
				1DB2238824EF9FE3009D4C33 /* CleanArchitecture.xcdatamodeld */,
			);
			path = CleanArchitecture;
			sourceTree = "<group>";
		};
		1DB2239824EF9FE6009D4C33 /* CleanArchitectureTests */ = {
			isa = PBXGroup;
			children = (
				1DB2239924EF9FE6009D4C33 /* CleanArchitectureTests.swift */,
				1DB2239B24EF9FE6009D4C33 /* Info.plist */,
			);
			path = CleanArchitectureTests;
			sourceTree = "<group>";
		};
		1DB223A324EF9FE6009D4C33 /* CleanArchitectureUITests */ = {
			isa = PBXGroup;
			children = (
				1DB223A424EF9FE6009D4C33 /* CleanArchitectureUITests.swift */,
				1DB223A624EF9FE6009D4C33 /* Info.plist */,
			);
			path = CleanArchitectureUITests;
			sourceTree = "<group>";
		};
		1DB223B224F0FA5D009D4C33 /* Presentation */ = {
			isa = PBXGroup;
			children = (
				1DB223B524F0FA9B009D4C33 /* Views */,
				1DB223B724F0FAA6009D4C33 /* ViewModels */,
				1DB223B624F0FAA0009D4C33 /* ViewControllers */,
			);
			path = Presentation;
			sourceTree = "<group>";
		};
		1DB223B324F0FA6B009D4C33 /* Domain */ = {
			isa = PBXGroup;
			children = (
				1DB223B924F0FAC5009D4C33 /* Entities */,
				1DB223B824F0FAC0009D4C33 /* UseCases */,
				1DE9BAD924FCC294009832EF /* Interfaces */,
			);
			path = Domain;
			sourceTree = "<group>";
		};
		1DB223B424F0FA71009D4C33 /* Data */ = {
			isa = PBXGroup;
			children = (
				1DB223BA24F0FADF009D4C33 /* Network */,
			);
			path = Data;
			sourceTree = "<group>";
		};
		1DB223B524F0FA9B009D4C33 /* Views */ = {
			isa = PBXGroup;
			children = (
				1D87133124F78D20006B4139 /* MusicCell.swift */,
				1DE9BAD124FC95A7009832EF /* FavoriteCell.swift */,
			);
			path = Views;
			sourceTree = "<group>";
		};
		1DB223B624F0FAA0009D4C33 /* ViewControllers */ = {
			isa = PBXGroup;
			children = (
				1D87132D24F78CD3006B4139 /* HomeViewController.swift */,
				1D87132F24F78CF6006B4139 /* FavoriteViewController.swift */,
				1D87133324F78F2B006B4139 /* BaseViewController.swift */,
				1DE9BAD524FCA0E1009832EF /* MusicDetailViewController.swift */,
			);
			path = ViewControllers;
			sourceTree = "<group>";
		};
		1DB223B724F0FAA6009D4C33 /* ViewModels */ = {
			isa = PBXGroup;
			children = (
				1D87133824F79979006B4139 /* HomeViewReactor.swift */,
				1DE9BAD324FC9A6E009832EF /* FavoriteViewReactor.swift */,
				1DE9BAD724FCA1AE009832EF /* MusicDetailViewReactor.swift */,
			);
			path = ViewModels;
			sourceTree = "<group>";
		};
		1DB223B824F0FAC0009D4C33 /* UseCases */ = {
			isa = PBXGroup;
			children = (
				1DB223C124F4E10B009D4C33 /* MusicUseCase.swift */,
			);
			path = UseCases;
			sourceTree = "<group>";
		};
		1DB223B924F0FAC5009D4C33 /* Entities */ = {
			isa = PBXGroup;
			children = (
				1DB223BB24F0FD4D009D4C33 /* Music.swift */,
			);
			path = Entities;
			sourceTree = "<group>";
		};
		1DB223BA24F0FADF009D4C33 /* Network */ = {
			isa = PBXGroup;
			children = (
				1DB223BD24F0FD57009D4C33 /* WebApi.swift */,
				1DB223BF24F104CE009D4C33 /* DefaultNetwork.swift */,
			);
			path = Network;
			sourceTree = "<group>";
		};
		1DE9BAD924FCC294009832EF /* Interfaces */ = {
			isa = PBXGroup;
			children = (
				1DE9BADA24FCC2BC009832EF /* CacheRepository.swift */,
			);
			path = Interfaces;
			sourceTree = "<group>";
		};
		414BD129969B0FCBC9424C5A /* Frameworks */ = {
			isa = PBXGroup;
			children = (
				BCF611F620CE37EFA8A42A90 /* Pods_CleanArchitecture.framework */,
				FA5D31B1948F5D6DC1FB00E4 /* Pods_CleanArchitecture_CleanArchitectureUITests.framework */,
				EE604BDD9D8DDA686F78C667 /* Pods_CleanArchitectureTests.framework */,
			);
			name = Frameworks;
			sourceTree = "<group>";
		};
		DFD50B6CE7E9D910D3049982 /* Pods */ = {
			isa = PBXGroup;
			children = (
				2CC34DC41C76028F092037B8 /* Pods-CleanArchitecture.debug.xcconfig */,
				49D66F85E3C9A10F3C67DA71 /* Pods-CleanArchitecture.release.xcconfig */,
				B253403922568867C36C9246 /* Pods-CleanArchitecture-CleanArchitectureUITests.debug.xcconfig */,
				6755125644253787C7619915 /* Pods-CleanArchitecture-CleanArchitectureUITests.release.xcconfig */,
				7320A17686B7B4E216CA8066 /* Pods-CleanArchitectureTests.debug.xcconfig */,
				841374571D0E74045AD4E579 /* Pods-CleanArchitectureTests.release.xcconfig */,
			);
			path = Pods;
			sourceTree = "<group>";
		};
/* End PBXGroup section */

/* Begin PBXNativeTarget section */
		1DB2237B24EF9FE3009D4C33 /* CleanArchitecture */ = {
			isa = PBXNativeTarget;
			buildConfigurationList = 1DB223A924EF9FE6009D4C33 /* Build configuration list for PBXNativeTarget "CleanArchitecture" */;
			buildPhases = (
				954EFD2119D6DA9D6A9D5048 /* [CP] Check Pods Manifest.lock */,
				1DB2237824EF9FE3009D4C33 /* Sources */,
				1DB2237924EF9FE3009D4C33 /* Frameworks */,
				1DB2237A24EF9FE3009D4C33 /* Resources */,
				6B4877D82425414324018875 /* [CP] Embed Pods Frameworks */,
			);
			buildRules = (
			);
			dependencies = (
			);
			name = CleanArchitecture;
			productName = CleanArchitecture;
			productReference = 1DB2237C24EF9FE3009D4C33 /* CleanArchitecture.app */;
			productType = "com.apple.product-type.application";
		};
		1DB2239424EF9FE5009D4C33 /* CleanArchitectureTests */ = {
			isa = PBXNativeTarget;
			buildConfigurationList = 1DB223AC24EF9FE6009D4C33 /* Build configuration list for PBXNativeTarget "CleanArchitectureTests" */;
			buildPhases = (
				09FF74E47D4A2675650FB1A4 /* [CP] Check Pods Manifest.lock */,
				1DB2239124EF9FE5009D4C33 /* Sources */,
				1DB2239224EF9FE5009D4C33 /* Frameworks */,
				1DB2239324EF9FE5009D4C33 /* Resources */,
			);
			buildRules = (
			);
			dependencies = (
				1DB2239724EF9FE5009D4C33 /* PBXTargetDependency */,
			);
			name = CleanArchitectureTests;
			productName = CleanArchitectureTests;
			productReference = 1DB2239524EF9FE5009D4C33 /* CleanArchitectureTests.xctest */;
			productType = "com.apple.product-type.bundle.unit-test";
		};
		1DB2239F24EF9FE6009D4C33 /* CleanArchitectureUITests */ = {
			isa = PBXNativeTarget;
			buildConfigurationList = 1DB223AF24EF9FE6009D4C33 /* Build configuration list for PBXNativeTarget "CleanArchitectureUITests" */;
			buildPhases = (
				80DA8C5201A6EA115169B16D /* [CP] Check Pods Manifest.lock */,
				1DB2239C24EF9FE6009D4C33 /* Sources */,
				1DB2239D24EF9FE6009D4C33 /* Frameworks */,
				1DB2239E24EF9FE6009D4C33 /* Resources */,
				DBBA1FFAD833B7FF91741548 /* [CP] Embed Pods Frameworks */,
			);
			buildRules = (
			);
			dependencies = (
				1DB223A224EF9FE6009D4C33 /* PBXTargetDependency */,
			);
			name = CleanArchitectureUITests;
			productName = CleanArchitectureUITests;
			productReference = 1DB223A024EF9FE6009D4C33 /* CleanArchitectureUITests.xctest */;
			productType = "com.apple.product-type.bundle.ui-testing";
		};
/* End PBXNativeTarget section */

/* Begin PBXProject section */
		1DB2237424EF9FE3009D4C33 /* Project object */ = {
			isa = PBXProject;
			attributes = {
				LastSwiftUpdateCheck = 1160;
				LastUpgradeCheck = 1160;
				ORGANIZATIONNAME = Seoyoung;
				TargetAttributes = {
					1DB2237B24EF9FE3009D4C33 = {
						CreatedOnToolsVersion = 11.6;
					};
					1DB2239424EF9FE5009D4C33 = {
						CreatedOnToolsVersion = 11.6;
						TestTargetID = 1DB2237B24EF9FE3009D4C33;
					};
					1DB2239F24EF9FE6009D4C33 = {
						CreatedOnToolsVersion = 11.6;
						TestTargetID = 1DB2237B24EF9FE3009D4C33;
					};
				};
			};
			buildConfigurationList = 1DB2237724EF9FE3009D4C33 /* Build configuration list for PBXProject "CleanArchitecture" */;
			compatibilityVersion = "Xcode 9.3";
			developmentRegion = en;
			hasScannedForEncodings = 0;
			knownRegions = (
				en,
				Base,
			);
			mainGroup = 1DB2237324EF9FE3009D4C33;
			productRefGroup = 1DB2237D24EF9FE3009D4C33 /* Products */;
			projectDirPath = "";
			projectRoot = "";
			targets = (
				1DB2237B24EF9FE3009D4C33 /* CleanArchitecture */,
				1DB2239424EF9FE5009D4C33 /* CleanArchitectureTests */,
				1DB2239F24EF9FE6009D4C33 /* CleanArchitectureUITests */,
			);
		};
/* End PBXProject section */

/* Begin PBXResourcesBuildPhase section */
		1DB2237A24EF9FE3009D4C33 /* Resources */ = {
			isa = PBXResourcesBuildPhase;
			buildActionMask = 2147483647;
			files = (
				1DB2238F24EF9FE5009D4C33 /* LaunchScreen.storyboard in Resources */,
				1DB2238C24EF9FE5009D4C33 /* Assets.xcassets in Resources */,
				1DB2238724EF9FE3009D4C33 /* Main.storyboard in Resources */,
			);
			runOnlyForDeploymentPostprocessing = 0;
		};
		1DB2239324EF9FE5009D4C33 /* Resources */ = {
			isa = PBXResourcesBuildPhase;
			buildActionMask = 2147483647;
			files = (
			);
			runOnlyForDeploymentPostprocessing = 0;
		};
		1DB2239E24EF9FE6009D4C33 /* Resources */ = {
			isa = PBXResourcesBuildPhase;
			buildActionMask = 2147483647;
			files = (
			);
			runOnlyForDeploymentPostprocessing = 0;
		};
/* End PBXResourcesBuildPhase section */

/* Begin PBXShellScriptBuildPhase section */
		09FF74E47D4A2675650FB1A4 /* [CP] Check Pods Manifest.lock */ = {
			isa = PBXShellScriptBuildPhase;
			buildActionMask = 2147483647;
			files = (
			);
			inputFileListPaths = (
			);
			inputPaths = (
				"${PODS_PODFILE_DIR_PATH}/Podfile.lock",
				"${PODS_ROOT}/Manifest.lock",
			);
			name = "[CP] Check Pods Manifest.lock";
			outputFileListPaths = (
			);
			outputPaths = (
				"$(DERIVED_FILE_DIR)/Pods-CleanArchitectureTests-checkManifestLockResult.txt",
			);
			runOnlyForDeploymentPostprocessing = 0;
			shellPath = /bin/sh;
			shellScript = "diff \"${PODS_PODFILE_DIR_PATH}/Podfile.lock\" \"${PODS_ROOT}/Manifest.lock\" > /dev/null\nif [ $? != 0 ] ; then\n    # print error to STDERR\n    echo \"error: The sandbox is not in sync with the Podfile.lock. Run 'pod install' or update your CocoaPods installation.\" >&2\n    exit 1\nfi\n# This output is used by Xcode 'outputs' to avoid re-running this script phase.\necho \"SUCCESS\" > \"${SCRIPT_OUTPUT_FILE_0}\"\n";
			showEnvVarsInLog = 0;
		};
		6B4877D82425414324018875 /* [CP] Embed Pods Frameworks */ = {
			isa = PBXShellScriptBuildPhase;
			buildActionMask = 2147483647;
			files = (
			);
			inputFileListPaths = (
				"${PODS_ROOT}/Target Support Files/Pods-CleanArchitecture/Pods-CleanArchitecture-frameworks-${CONFIGURATION}-input-files.xcfilelist",
			);
			name = "[CP] Embed Pods Frameworks";
			outputFileListPaths = (
				"${PODS_ROOT}/Target Support Files/Pods-CleanArchitecture/Pods-CleanArchitecture-frameworks-${CONFIGURATION}-output-files.xcfilelist",
			);
			runOnlyForDeploymentPostprocessing = 0;
			shellPath = /bin/sh;
			shellScript = "\"${PODS_ROOT}/Target Support Files/Pods-CleanArchitecture/Pods-CleanArchitecture-frameworks.sh\"\n";
			showEnvVarsInLog = 0;
		};
		80DA8C5201A6EA115169B16D /* [CP] Check Pods Manifest.lock */ = {
			isa = PBXShellScriptBuildPhase;
			buildActionMask = 2147483647;
			files = (
			);
			inputFileListPaths = (
			);
			inputPaths = (
				"${PODS_PODFILE_DIR_PATH}/Podfile.lock",
				"${PODS_ROOT}/Manifest.lock",
			);
			name = "[CP] Check Pods Manifest.lock";
			outputFileListPaths = (
			);
			outputPaths = (
				"$(DERIVED_FILE_DIR)/Pods-CleanArchitecture-CleanArchitectureUITests-checkManifestLockResult.txt",
			);
			runOnlyForDeploymentPostprocessing = 0;
			shellPath = /bin/sh;
			shellScript = "diff \"${PODS_PODFILE_DIR_PATH}/Podfile.lock\" \"${PODS_ROOT}/Manifest.lock\" > /dev/null\nif [ $? != 0 ] ; then\n    # print error to STDERR\n    echo \"error: The sandbox is not in sync with the Podfile.lock. Run 'pod install' or update your CocoaPods installation.\" >&2\n    exit 1\nfi\n# This output is used by Xcode 'outputs' to avoid re-running this script phase.\necho \"SUCCESS\" > \"${SCRIPT_OUTPUT_FILE_0}\"\n";
			showEnvVarsInLog = 0;
		};
		954EFD2119D6DA9D6A9D5048 /* [CP] Check Pods Manifest.lock */ = {
			isa = PBXShellScriptBuildPhase;
			buildActionMask = 2147483647;
			files = (
			);
			inputFileListPaths = (
			);
			inputPaths = (
				"${PODS_PODFILE_DIR_PATH}/Podfile.lock",
				"${PODS_ROOT}/Manifest.lock",
			);
			name = "[CP] Check Pods Manifest.lock";
			outputFileListPaths = (
			);
			outputPaths = (
				"$(DERIVED_FILE_DIR)/Pods-CleanArchitecture-checkManifestLockResult.txt",
			);
			runOnlyForDeploymentPostprocessing = 0;
			shellPath = /bin/sh;
			shellScript = "diff \"${PODS_PODFILE_DIR_PATH}/Podfile.lock\" \"${PODS_ROOT}/Manifest.lock\" > /dev/null\nif [ $? != 0 ] ; then\n    # print error to STDERR\n    echo \"error: The sandbox is not in sync with the Podfile.lock. Run 'pod install' or update your CocoaPods installation.\" >&2\n    exit 1\nfi\n# This output is used by Xcode 'outputs' to avoid re-running this script phase.\necho \"SUCCESS\" > \"${SCRIPT_OUTPUT_FILE_0}\"\n";
			showEnvVarsInLog = 0;
		};
		DBBA1FFAD833B7FF91741548 /* [CP] Embed Pods Frameworks */ = {
			isa = PBXShellScriptBuildPhase;
			buildActionMask = 2147483647;
			files = (
			);
			inputFileListPaths = (
				"${PODS_ROOT}/Target Support Files/Pods-CleanArchitecture-CleanArchitectureUITests/Pods-CleanArchitecture-CleanArchitectureUITests-frameworks-${CONFIGURATION}-input-files.xcfilelist",
			);
			name = "[CP] Embed Pods Frameworks";
			outputFileListPaths = (
				"${PODS_ROOT}/Target Support Files/Pods-CleanArchitecture-CleanArchitectureUITests/Pods-CleanArchitecture-CleanArchitectureUITests-frameworks-${CONFIGURATION}-output-files.xcfilelist",
			);
			runOnlyForDeploymentPostprocessing = 0;
			shellPath = /bin/sh;
			shellScript = "\"${PODS_ROOT}/Target Support Files/Pods-CleanArchitecture-CleanArchitectureUITests/Pods-CleanArchitecture-CleanArchitectureUITests-frameworks.sh\"\n";
			showEnvVarsInLog = 0;
		};
/* End PBXShellScriptBuildPhase section */

/* Begin PBXSourcesBuildPhase section */
		1DB2237824EF9FE3009D4C33 /* Sources */ = {
			isa = PBXSourcesBuildPhase;
			buildActionMask = 2147483647;
			files = (
				1D87133424F78F2B006B4139 /* BaseViewController.swift in Sources */,
				1D87133024F78CF6006B4139 /* FavoriteViewController.swift in Sources */,
				1DE9BAD824FCA1AE009832EF /* MusicDetailViewReactor.swift in Sources */,
				1D87133D24F8EBFF006B4139 /* Observable+Extension.swift in Sources */,
				1DE9BAD024FBAF5C009832EF /* Dictionary+Extension.swift in Sources */,
				1DB2238A24EF9FE3009D4C33 /* CleanArchitecture.xcdatamodeld in Sources */,
				1DB223BE24F0FD57009D4C33 /* WebApi.swift in Sources */,
				1D87132C24F783B0006B4139 /* UIColor+Extension.swift in Sources */,
				1DE9BAD624FCA0E1009832EF /* MusicDetailViewController.swift in Sources */,
				1DE9BAD424FC9A6E009832EF /* FavoriteViewReactor.swift in Sources */,
				1DB223BC24F0FD4D009D4C33 /* Music.swift in Sources */,
				1D87133924F79979006B4139 /* HomeViewReactor.swift in Sources */,
				1D87132E24F78CD3006B4139 /* HomeViewController.swift in Sources */,
				1DB223C024F104CE009D4C33 /* DefaultNetwork.swift in Sources */,
				1DB2238024EF9FE3009D4C33 /* AppDelegate.swift in Sources */,
				1DE9BADB24FCC2BC009832EF /* CacheRepository.swift in Sources */,
				1DB2238224EF9FE3009D4C33 /* SceneDelegate.swift in Sources */,
				1D87133724F797F8006B4139 /* Container.swift in Sources */,
				1DB223C224F4E10B009D4C33 /* MusicUseCase.swift in Sources */,
				1D87133224F78D20006B4139 /* MusicCell.swift in Sources */,
				1DE9BAD224FC95A7009832EF /* FavoriteCell.swift in Sources */,
			);
			runOnlyForDeploymentPostprocessing = 0;
		};
		1DB2239124EF9FE5009D4C33 /* Sources */ = {
			isa = PBXSourcesBuildPhase;
			buildActionMask = 2147483647;
			files = (
				1DB2239A24EF9FE6009D4C33 /* CleanArchitectureTests.swift in Sources */,
			);
			runOnlyForDeploymentPostprocessing = 0;
		};
		1DB2239C24EF9FE6009D4C33 /* Sources */ = {
			isa = PBXSourcesBuildPhase;
			buildActionMask = 2147483647;
			files = (
				1DB223A524EF9FE6009D4C33 /* CleanArchitectureUITests.swift in Sources */,
			);
			runOnlyForDeploymentPostprocessing = 0;
		};
/* End PBXSourcesBuildPhase section */

/* Begin PBXTargetDependency section */
		1DB2239724EF9FE5009D4C33 /* PBXTargetDependency */ = {
			isa = PBXTargetDependency;
			target = 1DB2237B24EF9FE3009D4C33 /* CleanArchitecture */;
			targetProxy = 1DB2239624EF9FE5009D4C33 /* PBXContainerItemProxy */;
		};
		1DB223A224EF9FE6009D4C33 /* PBXTargetDependency */ = {
			isa = PBXTargetDependency;
			target = 1DB2237B24EF9FE3009D4C33 /* CleanArchitecture */;
			targetProxy = 1DB223A124EF9FE6009D4C33 /* PBXContainerItemProxy */;
		};
/* End PBXTargetDependency section */

/* Begin PBXVariantGroup section */
		1DB2238524EF9FE3009D4C33 /* Main.storyboard */ = {
			isa = PBXVariantGroup;
			children = (
				1DB2238624EF9FE3009D4C33 /* Base */,
			);
			name = Main.storyboard;
			sourceTree = "<group>";
		};
		1DB2238D24EF9FE5009D4C33 /* LaunchScreen.storyboard */ = {
			isa = PBXVariantGroup;
			children = (
				1DB2238E24EF9FE5009D4C33 /* Base */,
			);
			name = LaunchScreen.storyboard;
			sourceTree = "<group>";
		};
/* End PBXVariantGroup section */

/* Begin XCBuildConfiguration section */
		1DB223A724EF9FE6009D4C33 /* Debug */ = {
			isa = XCBuildConfiguration;
			buildSettings = {
				ALWAYS_SEARCH_USER_PATHS = NO;
				CLANG_ANALYZER_NONNULL = YES;
				CLANG_ANALYZER_NUMBER_OBJECT_CONVERSION = YES_AGGRESSIVE;
				CLANG_CXX_LANGUAGE_STANDARD = "gnu++14";
				CLANG_CXX_LIBRARY = "libc++";
				CLANG_ENABLE_MODULES = YES;
				CLANG_ENABLE_OBJC_ARC = YES;
				CLANG_ENABLE_OBJC_WEAK = YES;
				CLANG_WARN_BLOCK_CAPTURE_AUTORELEASING = YES;
				CLANG_WARN_BOOL_CONVERSION = YES;
				CLANG_WARN_COMMA = YES;
				CLANG_WARN_CONSTANT_CONVERSION = YES;
				CLANG_WARN_DEPRECATED_OBJC_IMPLEMENTATIONS = YES;
				CLANG_WARN_DIRECT_OBJC_ISA_USAGE = YES_ERROR;
				CLANG_WARN_DOCUMENTATION_COMMENTS = YES;
				CLANG_WARN_EMPTY_BODY = YES;
				CLANG_WARN_ENUM_CONVERSION = YES;
				CLANG_WARN_INFINITE_RECURSION = YES;
				CLANG_WARN_INT_CONVERSION = YES;
				CLANG_WARN_NON_LITERAL_NULL_CONVERSION = YES;
				CLANG_WARN_OBJC_IMPLICIT_RETAIN_SELF = YES;
				CLANG_WARN_OBJC_LITERAL_CONVERSION = YES;
				CLANG_WARN_OBJC_ROOT_CLASS = YES_ERROR;
				CLANG_WARN_RANGE_LOOP_ANALYSIS = YES;
				CLANG_WARN_STRICT_PROTOTYPES = YES;
				CLANG_WARN_SUSPICIOUS_MOVE = YES;
				CLANG_WARN_UNGUARDED_AVAILABILITY = YES_AGGRESSIVE;
				CLANG_WARN_UNREACHABLE_CODE = YES;
				CLANG_WARN__DUPLICATE_METHOD_MATCH = YES;
				COPY_PHASE_STRIP = NO;
				DEBUG_INFORMATION_FORMAT = dwarf;
				ENABLE_STRICT_OBJC_MSGSEND = YES;
				ENABLE_TESTABILITY = YES;
				GCC_C_LANGUAGE_STANDARD = gnu11;
				GCC_DYNAMIC_NO_PIC = NO;
				GCC_NO_COMMON_BLOCKS = YES;
				GCC_OPTIMIZATION_LEVEL = 0;
				GCC_PREPROCESSOR_DEFINITIONS = (
					"DEBUG=1",
					"$(inherited)",
				);
				GCC_WARN_64_TO_32_BIT_CONVERSION = YES;
				GCC_WARN_ABOUT_RETURN_TYPE = YES_ERROR;
				GCC_WARN_UNDECLARED_SELECTOR = YES;
				GCC_WARN_UNINITIALIZED_AUTOS = YES_AGGRESSIVE;
				GCC_WARN_UNUSED_FUNCTION = YES;
				GCC_WARN_UNUSED_VARIABLE = YES;
				IPHONEOS_DEPLOYMENT_TARGET = 13.6;
				MTL_ENABLE_DEBUG_INFO = INCLUDE_SOURCE;
				MTL_FAST_MATH = YES;
				ONLY_ACTIVE_ARCH = YES;
				SDKROOT = iphoneos;
				SWIFT_ACTIVE_COMPILATION_CONDITIONS = DEBUG;
				SWIFT_OPTIMIZATION_LEVEL = "-Onone";
			};
			name = Debug;
		};
		1DB223A824EF9FE6009D4C33 /* Release */ = {
			isa = XCBuildConfiguration;
			buildSettings = {
				ALWAYS_SEARCH_USER_PATHS = NO;
				CLANG_ANALYZER_NONNULL = YES;
				CLANG_ANALYZER_NUMBER_OBJECT_CONVERSION = YES_AGGRESSIVE;
				CLANG_CXX_LANGUAGE_STANDARD = "gnu++14";
				CLANG_CXX_LIBRARY = "libc++";
				CLANG_ENABLE_MODULES = YES;
				CLANG_ENABLE_OBJC_ARC = YES;
				CLANG_ENABLE_OBJC_WEAK = YES;
				CLANG_WARN_BLOCK_CAPTURE_AUTORELEASING = YES;
				CLANG_WARN_BOOL_CONVERSION = YES;
				CLANG_WARN_COMMA = YES;
				CLANG_WARN_CONSTANT_CONVERSION = YES;
				CLANG_WARN_DEPRECATED_OBJC_IMPLEMENTATIONS = YES;
				CLANG_WARN_DIRECT_OBJC_ISA_USAGE = YES_ERROR;
				CLANG_WARN_DOCUMENTATION_COMMENTS = YES;
				CLANG_WARN_EMPTY_BODY = YES;
				CLANG_WARN_ENUM_CONVERSION = YES;
				CLANG_WARN_INFINITE_RECURSION = YES;
				CLANG_WARN_INT_CONVERSION = YES;
				CLANG_WARN_NON_LITERAL_NULL_CONVERSION = YES;
				CLANG_WARN_OBJC_IMPLICIT_RETAIN_SELF = YES;
				CLANG_WARN_OBJC_LITERAL_CONVERSION = YES;
				CLANG_WARN_OBJC_ROOT_CLASS = YES_ERROR;
				CLANG_WARN_RANGE_LOOP_ANALYSIS = YES;
				CLANG_WARN_STRICT_PROTOTYPES = YES;
				CLANG_WARN_SUSPICIOUS_MOVE = YES;
				CLANG_WARN_UNGUARDED_AVAILABILITY = YES_AGGRESSIVE;
				CLANG_WARN_UNREACHABLE_CODE = YES;
				CLANG_WARN__DUPLICATE_METHOD_MATCH = YES;
				COPY_PHASE_STRIP = NO;
				DEBUG_INFORMATION_FORMAT = "dwarf-with-dsym";
				ENABLE_NS_ASSERTIONS = NO;
				ENABLE_STRICT_OBJC_MSGSEND = YES;
				GCC_C_LANGUAGE_STANDARD = gnu11;
				GCC_NO_COMMON_BLOCKS = YES;
				GCC_WARN_64_TO_32_BIT_CONVERSION = YES;
				GCC_WARN_ABOUT_RETURN_TYPE = YES_ERROR;
				GCC_WARN_UNDECLARED_SELECTOR = YES;
				GCC_WARN_UNINITIALIZED_AUTOS = YES_AGGRESSIVE;
				GCC_WARN_UNUSED_FUNCTION = YES;
				GCC_WARN_UNUSED_VARIABLE = YES;
				IPHONEOS_DEPLOYMENT_TARGET = 13.6;
				MTL_ENABLE_DEBUG_INFO = NO;
				MTL_FAST_MATH = YES;
				SDKROOT = iphoneos;
				SWIFT_COMPILATION_MODE = wholemodule;
				SWIFT_OPTIMIZATION_LEVEL = "-O";
				VALIDATE_PRODUCT = YES;
			};
			name = Release;
		};
		1DB223AA24EF9FE6009D4C33 /* Debug */ = {
			isa = XCBuildConfiguration;
			baseConfigurationReference = 2CC34DC41C76028F092037B8 /* Pods-CleanArchitecture.debug.xcconfig */;
			buildSettings = {
				ASSETCATALOG_COMPILER_APPICON_NAME = AppIcon;
				CODE_SIGN_STYLE = Automatic;
				INFOPLIST_FILE = CleanArchitecture/Info.plist;
				LD_RUNPATH_SEARCH_PATHS = (
					"$(inherited)",
					"@executable_path/Frameworks",
				);
				PRODUCT_BUNDLE_IDENTIFIER = com.seoyoung.CleanArchitecture;
				PRODUCT_NAME = "$(TARGET_NAME)";
				SWIFT_VERSION = 5.0;
				TARGETED_DEVICE_FAMILY = "1,2";
			};
			name = Debug;
		};
		1DB223AB24EF9FE6009D4C33 /* Release */ = {
			isa = XCBuildConfiguration;
			baseConfigurationReference = 49D66F85E3C9A10F3C67DA71 /* Pods-CleanArchitecture.release.xcconfig */;
			buildSettings = {
				ASSETCATALOG_COMPILER_APPICON_NAME = AppIcon;
				CODE_SIGN_STYLE = Automatic;
				INFOPLIST_FILE = CleanArchitecture/Info.plist;
				LD_RUNPATH_SEARCH_PATHS = (
					"$(inherited)",
					"@executable_path/Frameworks",
				);
				PRODUCT_BUNDLE_IDENTIFIER = com.seoyoung.CleanArchitecture;
				PRODUCT_NAME = "$(TARGET_NAME)";
				SWIFT_VERSION = 5.0;
				TARGETED_DEVICE_FAMILY = "1,2";
			};
			name = Release;
		};
		1DB223AD24EF9FE6009D4C33 /* Debug */ = {
			isa = XCBuildConfiguration;
			baseConfigurationReference = 7320A17686B7B4E216CA8066 /* Pods-CleanArchitectureTests.debug.xcconfig */;
			buildSettings = {
				ALWAYS_EMBED_SWIFT_STANDARD_LIBRARIES = YES;
				BUNDLE_LOADER = "$(TEST_HOST)";
				CODE_SIGN_STYLE = Automatic;
				INFOPLIST_FILE = CleanArchitectureTests/Info.plist;
				IPHONEOS_DEPLOYMENT_TARGET = 13.6;
				LD_RUNPATH_SEARCH_PATHS = (
					"$(inherited)",
					"@executable_path/Frameworks",
					"@loader_path/Frameworks",
				);
				PRODUCT_BUNDLE_IDENTIFIER = com.seoyoung.CleanArchitectureTests;
				PRODUCT_NAME = "$(TARGET_NAME)";
				SWIFT_VERSION = 5.0;
				TARGETED_DEVICE_FAMILY = "1,2";
				TEST_HOST = "$(BUILT_PRODUCTS_DIR)/CleanArchitecture.app/CleanArchitecture";
			};
			name = Debug;
		};
		1DB223AE24EF9FE6009D4C33 /* Release */ = {
			isa = XCBuildConfiguration;
			baseConfigurationReference = 841374571D0E74045AD4E579 /* Pods-CleanArchitectureTests.release.xcconfig */;
			buildSettings = {
				ALWAYS_EMBED_SWIFT_STANDARD_LIBRARIES = YES;
				BUNDLE_LOADER = "$(TEST_HOST)";
				CODE_SIGN_STYLE = Automatic;
				INFOPLIST_FILE = CleanArchitectureTests/Info.plist;
				IPHONEOS_DEPLOYMENT_TARGET = 13.6;
				LD_RUNPATH_SEARCH_PATHS = (
					"$(inherited)",
					"@executable_path/Frameworks",
					"@loader_path/Frameworks",
				);
				PRODUCT_BUNDLE_IDENTIFIER = com.seoyoung.CleanArchitectureTests;
				PRODUCT_NAME = "$(TARGET_NAME)";
				SWIFT_VERSION = 5.0;
				TARGETED_DEVICE_FAMILY = "1,2";
				TEST_HOST = "$(BUILT_PRODUCTS_DIR)/CleanArchitecture.app/CleanArchitecture";
			};
			name = Release;
		};
		1DB223B024EF9FE6009D4C33 /* Debug */ = {
			isa = XCBuildConfiguration;
			baseConfigurationReference = B253403922568867C36C9246 /* Pods-CleanArchitecture-CleanArchitectureUITests.debug.xcconfig */;
			buildSettings = {
				ALWAYS_EMBED_SWIFT_STANDARD_LIBRARIES = YES;
				CODE_SIGN_STYLE = Automatic;
				INFOPLIST_FILE = CleanArchitectureUITests/Info.plist;
				LD_RUNPATH_SEARCH_PATHS = (
					"$(inherited)",
					"@executable_path/Frameworks",
					"@loader_path/Frameworks",
				);
				PRODUCT_BUNDLE_IDENTIFIER = com.seoyoung.CleanArchitectureUITests;
				PRODUCT_NAME = "$(TARGET_NAME)";
				SWIFT_VERSION = 5.0;
				TARGETED_DEVICE_FAMILY = "1,2";
				TEST_TARGET_NAME = CleanArchitecture;
			};
			name = Debug;
		};
		1DB223B124EF9FE6009D4C33 /* Release */ = {
			isa = XCBuildConfiguration;
			baseConfigurationReference = 6755125644253787C7619915 /* Pods-CleanArchitecture-CleanArchitectureUITests.release.xcconfig */;
			buildSettings = {
				ALWAYS_EMBED_SWIFT_STANDARD_LIBRARIES = YES;
				CODE_SIGN_STYLE = Automatic;
				INFOPLIST_FILE = CleanArchitectureUITests/Info.plist;
				LD_RUNPATH_SEARCH_PATHS = (
					"$(inherited)",
					"@executable_path/Frameworks",
					"@loader_path/Frameworks",
				);
				PRODUCT_BUNDLE_IDENTIFIER = com.seoyoung.CleanArchitectureUITests;
				PRODUCT_NAME = "$(TARGET_NAME)";
				SWIFT_VERSION = 5.0;
				TARGETED_DEVICE_FAMILY = "1,2";
				TEST_TARGET_NAME = CleanArchitecture;
			};
			name = Release;
		};
/* End XCBuildConfiguration section */

/* Begin XCConfigurationList section */
		1DB2237724EF9FE3009D4C33 /* Build configuration list for PBXProject "CleanArchitecture" */ = {
			isa = XCConfigurationList;
			buildConfigurations = (
				1DB223A724EF9FE6009D4C33 /* Debug */,
				1DB223A824EF9FE6009D4C33 /* Release */,
			);
			defaultConfigurationIsVisible = 0;
			defaultConfigurationName = Release;
		};
		1DB223A924EF9FE6009D4C33 /* Build configuration list for PBXNativeTarget "CleanArchitecture" */ = {
			isa = XCConfigurationList;
			buildConfigurations = (
				1DB223AA24EF9FE6009D4C33 /* Debug */,
				1DB223AB24EF9FE6009D4C33 /* Release */,
			);
			defaultConfigurationIsVisible = 0;
			defaultConfigurationName = Release;
		};
		1DB223AC24EF9FE6009D4C33 /* Build configuration list for PBXNativeTarget "CleanArchitectureTests" */ = {
			isa = XCConfigurationList;
			buildConfigurations = (
				1DB223AD24EF9FE6009D4C33 /* Debug */,
				1DB223AE24EF9FE6009D4C33 /* Release */,
			);
			defaultConfigurationIsVisible = 0;
			defaultConfigurationName = Release;
		};
		1DB223AF24EF9FE6009D4C33 /* Build configuration list for PBXNativeTarget "CleanArchitectureUITests" */ = {
			isa = XCConfigurationList;
			buildConfigurations = (
				1DB223B024EF9FE6009D4C33 /* Debug */,
				1DB223B124EF9FE6009D4C33 /* Release */,
			);
			defaultConfigurationIsVisible = 0;
			defaultConfigurationName = Release;
		};
/* End XCConfigurationList section */

/* Begin XCVersionGroup section */
		1DB2238824EF9FE3009D4C33 /* CleanArchitecture.xcdatamodeld */ = {
			isa = XCVersionGroup;
			children = (
				1DB2238924EF9FE3009D4C33 /* CleanArchitecture.xcdatamodel */,
			);
			currentVersion = 1DB2238924EF9FE3009D4C33 /* CleanArchitecture.xcdatamodel */;
			path = CleanArchitecture.xcdatamodeld;
			sourceTree = "<group>";
			versionGroupType = wrapper.xcdatamodel;
		};
/* End XCVersionGroup section */
	};
	rootObject = 1DB2237424EF9FE3009D4C33 /* Project object */;
}
